// !$*UTF8*$!
{
	archiveVersion = 1;
	classes = {
	};
	objectVersion = 60;
	objects = {

/* Begin PBXBuildFile section */
		4D22BC722C89D14500642451 /* NetKit in Frameworks */ = {isa = PBXBuildFile; productRef = 4D22BC712C89D14500642451 /* NetKit */; };
		4D22BC752C89D1A600642451 /* NetKit in Frameworks */ = {isa = PBXBuildFile; productRef = 4D22BC742C89D1A600642451 /* NetKit */; };
		4D5981622C726CBA0012BDD1 /* HomeServicesMapper.swift in Sources */ = {isa = PBXBuildFile; fileRef = 4D5981532C726CBA0012BDD1 /* HomeServicesMapper.swift */; };
		4D5981632C726CBA0012BDD1 /* HomeServicesRequest.swift in Sources */ = {isa = PBXBuildFile; fileRef = 4D5981552C726CBA0012BDD1 /* HomeServicesRequest.swift */; };
		4D5981642C726CBA0012BDD1 /* Service.swift in Sources */ = {isa = PBXBuildFile; fileRef = 4D5981582C726CBA0012BDD1 /* Service.swift */; };
		4D5981652C726CBA0012BDD1 /* HomeServicesUseCase.swift in Sources */ = {isa = PBXBuildFile; fileRef = 4D59815A2C726CBA0012BDD1 /* HomeServicesUseCase.swift */; };
		4D5981662C726CBA0012BDD1 /* HomeServicesView.swift in Sources */ = {isa = PBXBuildFile; fileRef = 4D59815D2C726CBA0012BDD1 /* HomeServicesView.swift */; };
		4D5981672C726CBA0012BDD1 /* HomeServicesViewModel.swift in Sources */ = {isa = PBXBuildFile; fileRef = 4D59815E2C726CBA0012BDD1 /* HomeServicesViewModel.swift */; };
		4D5981682C726CBA0012BDD1 /* ViewController.swift in Sources */ = {isa = PBXBuildFile; fileRef = 4D59815F2C726CBA0012BDD1 /* ViewController.swift */; };
		4D59816B2C72758A0012BDD1 /* NetKit in Frameworks */ = {isa = PBXBuildFile; productRef = 4D59816A2C72758A0012BDD1 /* NetKit */; };
		4D59816E2C7276F60012BDD1 /* NetKit in Frameworks */ = {isa = PBXBuildFile; productRef = 4D59816D2C7276F60012BDD1 /* NetKit */; };
		4D5981712C7278250012BDD1 /* NetKit in Frameworks */ = {isa = PBXBuildFile; productRef = 4D5981702C7278250012BDD1 /* NetKit */; };
		4D59817C2C7278D40012BDD1 /* Beta.xcconfig in Resources */ = {isa = PBXBuildFile; fileRef = 4D5981722C7278D40012BDD1 /* Beta.xcconfig */; };
		4D59817D2C7278D40012BDD1 /* Debug.xcconfig in Resources */ = {isa = PBXBuildFile; fileRef = 4D5981742C7278D40012BDD1 /* Debug.xcconfig */; };
		4D59817E2C7278D40012BDD1 /* Release.xcconfig in Resources */ = {isa = PBXBuildFile; fileRef = 4D5981762C7278D40012BDD1 /* Release.xcconfig */; };
		4DB2FF2F2C68D98100F3203C /* LoginUseCase.swift in Sources */ = {isa = PBXBuildFile; fileRef = 4DB2FF2B2C68D98100F3203C /* LoginUseCase.swift */; };
		4DB2FF302C68D98100F3203C /* LoginRequest.swift in Sources */ = {isa = PBXBuildFile; fileRef = 4DB2FF2C2C68D98100F3203C /* LoginRequest.swift */; };
		4DB2FF312C68D98100F3203C /* LoginMapper.swift in Sources */ = {isa = PBXBuildFile; fileRef = 4DB2FF2D2C68D98100F3203C /* LoginMapper.swift */; };
		4DB2FF322C68D98100F3203C /* UserEntity.swift in Sources */ = {isa = PBXBuildFile; fileRef = 4DB2FF2E2C68D98100F3203C /* UserEntity.swift */; };
		4DB2FF362C68DB7E00F3203C /* NetKit in Frameworks */ = {isa = PBXBuildFile; productRef = 4DB2FF352C68DB7E00F3203C /* NetKit */; };
		4DBCA36C2C68D6E300EA0026 /* ExampleApp.swift in Sources */ = {isa = PBXBuildFile; fileRef = 4DBCA36B2C68D6E300EA0026 /* ExampleApp.swift */; };
		4DBCA36E2C68D6E300EA0026 /* ContentView.swift in Sources */ = {isa = PBXBuildFile; fileRef = 4DBCA36D2C68D6E300EA0026 /* ContentView.swift */; };
		4DBCA3702C68D6E400EA0026 /* Assets.xcassets in Resources */ = {isa = PBXBuildFile; fileRef = 4DBCA36F2C68D6E400EA0026 /* Assets.xcassets */; };
		4DBCA3732C68D6E400EA0026 /* Preview Assets.xcassets in Resources */ = {isa = PBXBuildFile; fileRef = 4DBCA3722C68D6E400EA0026 /* Preview Assets.xcassets */; };
/* End PBXBuildFile section */

/* Begin PBXFileReference section */
		4D5981532C726CBA0012BDD1 /* HomeServicesMapper.swift */ = {isa = PBXFileReference; fileEncoding = 4; lastKnownFileType = sourcecode.swift; path = HomeServicesMapper.swift; sourceTree = "<group>"; };
		4D5981552C726CBA0012BDD1 /* HomeServicesRequest.swift */ = {isa = PBXFileReference; fileEncoding = 4; lastKnownFileType = sourcecode.swift; path = HomeServicesRequest.swift; sourceTree = "<group>"; };
		4D5981582C726CBA0012BDD1 /* Service.swift */ = {isa = PBXFileReference; fileEncoding = 4; lastKnownFileType = sourcecode.swift; path = Service.swift; sourceTree = "<group>"; };
		4D59815A2C726CBA0012BDD1 /* HomeServicesUseCase.swift */ = {isa = PBXFileReference; fileEncoding = 4; lastKnownFileType = sourcecode.swift; path = HomeServicesUseCase.swift; sourceTree = "<group>"; };
		4D59815D2C726CBA0012BDD1 /* HomeServicesView.swift */ = {isa = PBXFileReference; fileEncoding = 4; lastKnownFileType = sourcecode.swift; path = HomeServicesView.swift; sourceTree = "<group>"; };
		4D59815E2C726CBA0012BDD1 /* HomeServicesViewModel.swift */ = {isa = PBXFileReference; fileEncoding = 4; lastKnownFileType = sourcecode.swift; path = HomeServicesViewModel.swift; sourceTree = "<group>"; };
		4D59815F2C726CBA0012BDD1 /* ViewController.swift */ = {isa = PBXFileReference; fileEncoding = 4; lastKnownFileType = sourcecode.swift; path = ViewController.swift; sourceTree = "<group>"; };
		4D5981722C7278D40012BDD1 /* Beta.xcconfig */ = {isa = PBXFileReference; fileEncoding = 4; lastKnownFileType = text.xcconfig; path = Beta.xcconfig; sourceTree = "<group>"; };
		4D5981742C7278D40012BDD1 /* Debug.xcconfig */ = {isa = PBXFileReference; fileEncoding = 4; lastKnownFileType = text.xcconfig; path = Debug.xcconfig; sourceTree = "<group>"; };
		4D5981762C7278D40012BDD1 /* Release.xcconfig */ = {isa = PBXFileReference; fileEncoding = 4; lastKnownFileType = text.xcconfig; path = Release.xcconfig; sourceTree = "<group>"; };
		4D5981812C7278EC0012BDD1 /* Info.plist */ = {isa = PBXFileReference; lastKnownFileType = text.plist; path = Info.plist; sourceTree = "<group>"; };
		4DB2FF2B2C68D98100F3203C /* LoginUseCase.swift */ = {isa = PBXFileReference; fileEncoding = 4; lastKnownFileType = sourcecode.swift; path = LoginUseCase.swift; sourceTree = "<group>"; };
		4DB2FF2C2C68D98100F3203C /* LoginRequest.swift */ = {isa = PBXFileReference; fileEncoding = 4; lastKnownFileType = sourcecode.swift; path = LoginRequest.swift; sourceTree = "<group>"; };
		4DB2FF2D2C68D98100F3203C /* LoginMapper.swift */ = {isa = PBXFileReference; fileEncoding = 4; lastKnownFileType = sourcecode.swift; path = LoginMapper.swift; sourceTree = "<group>"; };
		4DB2FF2E2C68D98100F3203C /* UserEntity.swift */ = {isa = PBXFileReference; fileEncoding = 4; lastKnownFileType = sourcecode.swift; path = UserEntity.swift; sourceTree = "<group>"; };
		4DBCA3682C68D6E300EA0026 /* Example.app */ = {isa = PBXFileReference; explicitFileType = wrapper.application; includeInIndex = 0; path = Example.app; sourceTree = BUILT_PRODUCTS_DIR; };
		4DBCA36B2C68D6E300EA0026 /* ExampleApp.swift */ = {isa = PBXFileReference; lastKnownFileType = sourcecode.swift; path = ExampleApp.swift; sourceTree = "<group>"; };
		4DBCA36D2C68D6E300EA0026 /* ContentView.swift */ = {isa = PBXFileReference; lastKnownFileType = sourcecode.swift; path = ContentView.swift; sourceTree = "<group>"; };
		4DBCA36F2C68D6E400EA0026 /* Assets.xcassets */ = {isa = PBXFileReference; lastKnownFileType = folder.assetcatalog; path = Assets.xcassets; sourceTree = "<group>"; };
		4DBCA3722C68D6E400EA0026 /* Preview Assets.xcassets */ = {isa = PBXFileReference; lastKnownFileType = folder.assetcatalog; path = "Preview Assets.xcassets"; sourceTree = "<group>"; };
/* End PBXFileReference section */

/* Begin PBXFrameworksBuildPhase section */
		4DBCA3652C68D6E300EA0026 /* Frameworks */ = {
			isa = PBXFrameworksBuildPhase;
			buildActionMask = 2147483647;
			files = (
				4D22BC722C89D14500642451 /* NetKit in Frameworks */,
				4D22BC752C89D1A600642451 /* NetKit in Frameworks */,
				4DB2FF362C68DB7E00F3203C /* NetKit in Frameworks */,
				4D5981712C7278250012BDD1 /* NetKit in Frameworks */,
				4D59816E2C7276F60012BDD1 /* NetKit in Frameworks */,
				4D59816B2C72758A0012BDD1 /* NetKit in Frameworks */,
			);
			runOnlyForDeploymentPostprocessing = 0;
		};
/* End PBXFrameworksBuildPhase section */

/* Begin PBXGroup section */
		4D5981542C726CBA0012BDD1 /* Mappers */ = {
			isa = PBXGroup;
			children = (
				4D5981532C726CBA0012BDD1 /* HomeServicesMapper.swift */,
			);
			path = Mappers;
			sourceTree = "<group>";
		};
		4D5981562C726CBA0012BDD1 /* Requests */ = {
			isa = PBXGroup;
			children = (
				4D5981552C726CBA0012BDD1 /* HomeServicesRequest.swift */,
			);
			path = Requests;
			sourceTree = "<group>";
		};
		4D5981572C726CBA0012BDD1 /* Data */ = {
			isa = PBXGroup;
			children = (
				4D5981542C726CBA0012BDD1 /* Mappers */,
				4D5981562C726CBA0012BDD1 /* Requests */,
			);
			path = Data;
			sourceTree = "<group>";
		};
		4D5981592C726CBA0012BDD1 /* Entities */ = {
			isa = PBXGroup;
			children = (
				4D5981582C726CBA0012BDD1 /* Service.swift */,
			);
			path = Entities;
			sourceTree = "<group>";
		};
		4D59815B2C726CBA0012BDD1 /* UseCase */ = {
			isa = PBXGroup;
			children = (
				4D59815A2C726CBA0012BDD1 /* HomeServicesUseCase.swift */,
			);
			path = UseCase;
			sourceTree = "<group>";
		};
		4D59815C2C726CBA0012BDD1 /* Domain */ = {
			isa = PBXGroup;
			children = (
				4D5981592C726CBA0012BDD1 /* Entities */,
				4D59815B2C726CBA0012BDD1 /* UseCase */,
			);
			path = Domain;
			sourceTree = "<group>";
		};
		4D5981602C726CBA0012BDD1 /* UI */ = {
			isa = PBXGroup;
			children = (
				4D59815D2C726CBA0012BDD1 /* HomeServicesView.swift */,
				4D59815E2C726CBA0012BDD1 /* HomeServicesViewModel.swift */,
				4D59815F2C726CBA0012BDD1 /* ViewController.swift */,
			);
			path = UI;
			sourceTree = "<group>";
		};
		4D5981612C726CBA0012BDD1 /* Home */ = {
			isa = PBXGroup;
			children = (
				4D5981572C726CBA0012BDD1 /* Data */,
				4D59815C2C726CBA0012BDD1 /* Domain */,
				4D5981602C726CBA0012BDD1 /* UI */,
			);
			path = Home;
			sourceTree = "<group>";
		};
		4D5981732C7278D40012BDD1 /* Beta */ = {
			isa = PBXGroup;
			children = (
				4D5981722C7278D40012BDD1 /* Beta.xcconfig */,
			);
			path = Beta;
			sourceTree = "<group>";
		};
		4D5981752C7278D40012BDD1 /* Debug */ = {
			isa = PBXGroup;
			children = (
				4D5981742C7278D40012BDD1 /* Debug.xcconfig */,
			);
			path = Debug;
			sourceTree = "<group>";
		};
		4D5981772C7278D40012BDD1 /* Release */ = {
			isa = PBXGroup;
			children = (
				4D5981762C7278D40012BDD1 /* Release.xcconfig */,
			);
			path = Release;
			sourceTree = "<group>";
		};
		4D59817B2C7278D40012BDD1 /* Config Files */ = {
			isa = PBXGroup;
			children = (
				4D5981732C7278D40012BDD1 /* Beta */,
				4D5981752C7278D40012BDD1 /* Debug */,
				4D5981772C7278D40012BDD1 /* Release */,
			);
			path = "Config Files";
			sourceTree = "<group>";
		};
		4DB2FF332C68D9E000F3203C /* Frameworks */ = {
			isa = PBXGroup;
			children = (
			);
			name = Frameworks;
			sourceTree = "<group>";
		};
		4DBCA35F2C68D6E300EA0026 = {
			isa = PBXGroup;
			children = (
				4DBCA36A2C68D6E300EA0026 /* Example */,
				4DBCA3692C68D6E300EA0026 /* Products */,
				4DB2FF332C68D9E000F3203C /* Frameworks */,
			);
			sourceTree = "<group>";
		};
		4DBCA3692C68D6E300EA0026 /* Products */ = {
			isa = PBXGroup;
			children = (
				4DBCA3682C68D6E300EA0026 /* Example.app */,
			);
			name = Products;
			sourceTree = "<group>";
		};
		4DBCA36A2C68D6E300EA0026 /* Example */ = {
			isa = PBXGroup;
			children = (
				4D5981812C7278EC0012BDD1 /* Info.plist */,
				4D59817B2C7278D40012BDD1 /* Config Files */,
				4D5981612C726CBA0012BDD1 /* Home */,
				4DBCA36B2C68D6E300EA0026 /* ExampleApp.swift */,
				4DBCA36D2C68D6E300EA0026 /* ContentView.swift */,
				4DB2FF2D2C68D98100F3203C /* LoginMapper.swift */,
				4DB2FF2C2C68D98100F3203C /* LoginRequest.swift */,
				4DB2FF2B2C68D98100F3203C /* LoginUseCase.swift */,
				4DB2FF2E2C68D98100F3203C /* UserEntity.swift */,
				4DBCA36F2C68D6E400EA0026 /* Assets.xcassets */,
				4DBCA3712C68D6E400EA0026 /* Preview Content */,
			);
			path = Example;
			sourceTree = "<group>";
		};
		4DBCA3712C68D6E400EA0026 /* Preview Content */ = {
			isa = PBXGroup;
			children = (
				4DBCA3722C68D6E400EA0026 /* Preview Assets.xcassets */,
			);
			path = "Preview Content";
			sourceTree = "<group>";
		};
/* End PBXGroup section */

/* Begin PBXNativeTarget section */
		4DBCA3672C68D6E300EA0026 /* Example */ = {
			isa = PBXNativeTarget;
			buildConfigurationList = 4DBCA3762C68D6E400EA0026 /* Build configuration list for PBXNativeTarget "Example" */;
			buildPhases = (
				4DBCA3642C68D6E300EA0026 /* Sources */,
				4DBCA3652C68D6E300EA0026 /* Frameworks */,
				4DBCA3662C68D6E300EA0026 /* Resources */,
			);
			buildRules = (
			);
			dependencies = (
			);
			name = Example;
			packageProductDependencies = (
				4DB2FF352C68DB7E00F3203C /* NetKit */,
				4D59816A2C72758A0012BDD1 /* NetKit */,
				4D59816D2C7276F60012BDD1 /* NetKit */,
				4D5981702C7278250012BDD1 /* NetKit */,
				4D22BC712C89D14500642451 /* NetKit */,
				4D22BC742C89D1A600642451 /* NetKit */,
			);
			productName = Example;
			productReference = 4DBCA3682C68D6E300EA0026 /* Example.app */;
			productType = "com.apple.product-type.application";
		};
/* End PBXNativeTarget section */

/* Begin PBXProject section */
		4DBCA3602C68D6E300EA0026 /* Project object */ = {
			isa = PBXProject;
			attributes = {
				BuildIndependentTargetsInParallel = 1;
				LastSwiftUpdateCheck = 1540;
				LastUpgradeCheck = 1540;
				TargetAttributes = {
					4DBCA3672C68D6E300EA0026 = {
						CreatedOnToolsVersion = 15.4;
					};
				};
			};
			buildConfigurationList = 4DBCA3632C68D6E300EA0026 /* Build configuration list for PBXProject "Example" */;
			compatibilityVersion = "Xcode 14.0";
			developmentRegion = en;
			hasScannedForEncodings = 0;
			knownRegions = (
				en,
				Base,
				ar,
			);
			mainGroup = 4DBCA35F2C68D6E300EA0026;
			packageReferences = (
				4D22BC732C89D1A600642451 /* XCLocalSwiftPackageReference ".." */,
			);
			productRefGroup = 4DBCA3692C68D6E300EA0026 /* Products */;
			projectDirPath = "";
			projectRoot = "";
			targets = (
				4DBCA3672C68D6E300EA0026 /* Example */,
			);
		};
/* End PBXProject section */

/* Begin PBXResourcesBuildPhase section */
		4DBCA3662C68D6E300EA0026 /* Resources */ = {
			isa = PBXResourcesBuildPhase;
			buildActionMask = 2147483647;
			files = (
				4D59817D2C7278D40012BDD1 /* Debug.xcconfig in Resources */,
				4D59817C2C7278D40012BDD1 /* Beta.xcconfig in Resources */,
				4DBCA3732C68D6E400EA0026 /* Preview Assets.xcassets in Resources */,
				4DBCA3702C68D6E400EA0026 /* Assets.xcassets in Resources */,
				4D59817E2C7278D40012BDD1 /* Release.xcconfig in Resources */,
			);
			runOnlyForDeploymentPostprocessing = 0;
		};
/* End PBXResourcesBuildPhase section */

/* Begin PBXSourcesBuildPhase section */
		4DBCA3642C68D6E300EA0026 /* Sources */ = {
			isa = PBXSourcesBuildPhase;
			buildActionMask = 2147483647;
			files = (
				4DBCA36E2C68D6E300EA0026 /* ContentView.swift in Sources */,
				4DB2FF322C68D98100F3203C /* UserEntity.swift in Sources */,
				4D5981652C726CBA0012BDD1 /* HomeServicesUseCase.swift in Sources */,
				4D5981632C726CBA0012BDD1 /* HomeServicesRequest.swift in Sources */,
				4DBCA36C2C68D6E300EA0026 /* ExampleApp.swift in Sources */,
				4DB2FF2F2C68D98100F3203C /* LoginUseCase.swift in Sources */,
				4D5981642C726CBA0012BDD1 /* Service.swift in Sources */,
				4D5981672C726CBA0012BDD1 /* HomeServicesViewModel.swift in Sources */,
				4D5981682C726CBA0012BDD1 /* ViewController.swift in Sources */,
				4D5981622C726CBA0012BDD1 /* HomeServicesMapper.swift in Sources */,
				4D5981662C726CBA0012BDD1 /* HomeServicesView.swift in Sources */,
				4DB2FF312C68D98100F3203C /* LoginMapper.swift in Sources */,
				4DB2FF302C68D98100F3203C /* LoginRequest.swift in Sources */,
			);
			runOnlyForDeploymentPostprocessing = 0;
		};
/* End PBXSourcesBuildPhase section */

/* Begin XCBuildConfiguration section */
		4DBCA3742C68D6E400EA0026 /* Debug */ = {
			isa = XCBuildConfiguration;
			baseConfigurationReference = 4D5981742C7278D40012BDD1 /* Debug.xcconfig */;
			buildSettings = {
				ALWAYS_SEARCH_USER_PATHS = NO;
				ASSETCATALOG_COMPILER_GENERATE_SWIFT_ASSET_SYMBOL_EXTENSIONS = YES;
				CLANG_ANALYZER_NONNULL = YES;
				CLANG_ANALYZER_NUMBER_OBJECT_CONVERSION = YES_AGGRESSIVE;
				CLANG_CXX_LANGUAGE_STANDARD = "gnu++20";
				CLANG_ENABLE_MODULES = YES;
				CLANG_ENABLE_OBJC_ARC = YES;
				CLANG_ENABLE_OBJC_WEAK = YES;
				CLANG_WARN_BLOCK_CAPTURE_AUTORELEASING = YES;
				CLANG_WARN_BOOL_CONVERSION = YES;
				CLANG_WARN_COMMA = YES;
				CLANG_WARN_CONSTANT_CONVERSION = YES;
				CLANG_WARN_DEPRECATED_OBJC_IMPLEMENTATIONS = YES;
				CLANG_WARN_DIRECT_OBJC_ISA_USAGE = YES_ERROR;
				CLANG_WARN_DOCUMENTATION_COMMENTS = YES;
				CLANG_WARN_EMPTY_BODY = YES;
				CLANG_WARN_ENUM_CONVERSION = YES;
				CLANG_WARN_INFINITE_RECURSION = YES;
				CLANG_WARN_INT_CONVERSION = YES;
				CLANG_WARN_NON_LITERAL_NULL_CONVERSION = YES;
				CLANG_WARN_OBJC_IMPLICIT_RETAIN_SELF = YES;
				CLANG_WARN_OBJC_LITERAL_CONVERSION = YES;
				CLANG_WARN_OBJC_ROOT_CLASS = YES_ERROR;
				CLANG_WARN_QUOTED_INCLUDE_IN_FRAMEWORK_HEADER = YES;
				CLANG_WARN_RANGE_LOOP_ANALYSIS = YES;
				CLANG_WARN_STRICT_PROTOTYPES = YES;
				CLANG_WARN_SUSPICIOUS_MOVE = YES;
				CLANG_WARN_UNGUARDED_AVAILABILITY = YES_AGGRESSIVE;
				CLANG_WARN_UNREACHABLE_CODE = YES;
				CLANG_WARN__DUPLICATE_METHOD_MATCH = YES;
				COPY_PHASE_STRIP = NO;
				DEBUG_INFORMATION_FORMAT = dwarf;
				ENABLE_STRICT_OBJC_MSGSEND = YES;
				ENABLE_TESTABILITY = YES;
				ENABLE_USER_SCRIPT_SANDBOXING = YES;
				GCC_C_LANGUAGE_STANDARD = gnu17;
				GCC_DYNAMIC_NO_PIC = NO;
				GCC_NO_COMMON_BLOCKS = YES;
				GCC_OPTIMIZATION_LEVEL = 0;
				GCC_PREPROCESSOR_DEFINITIONS = (
					"DEBUG=1",
					"$(inherited)",
				);
				GCC_WARN_64_TO_32_BIT_CONVERSION = YES;
				GCC_WARN_ABOUT_RETURN_TYPE = YES_ERROR;
				GCC_WARN_UNDECLARED_SELECTOR = YES;
				GCC_WARN_UNINITIALIZED_AUTOS = YES_AGGRESSIVE;
				GCC_WARN_UNUSED_FUNCTION = YES;
				GCC_WARN_UNUSED_VARIABLE = YES;
				IPHONEOS_DEPLOYMENT_TARGET = 17.5;
				LOCALIZATION_PREFERS_STRING_CATALOGS = YES;
				MTL_ENABLE_DEBUG_INFO = INCLUDE_SOURCE;
				MTL_FAST_MATH = YES;
				ONLY_ACTIVE_ARCH = YES;
				SDKROOT = iphoneos;
				SWIFT_ACTIVE_COMPILATION_CONDITIONS = "DEBUG $(inherited)";
				SWIFT_OPTIMIZATION_LEVEL = "-Onone";
			};
			name = Debug;
		};
		4DBCA3752C68D6E400EA0026 /* Release */ = {
			isa = XCBuildConfiguration;
			baseConfigurationReference = 4D5981762C7278D40012BDD1 /* Release.xcconfig */;
			buildSettings = {
				ALWAYS_SEARCH_USER_PATHS = NO;
				ASSETCATALOG_COMPILER_GENERATE_SWIFT_ASSET_SYMBOL_EXTENSIONS = YES;
				CLANG_ANALYZER_NONNULL = YES;
				CLANG_ANALYZER_NUMBER_OBJECT_CONVERSION = YES_AGGRESSIVE;
				CLANG_CXX_LANGUAGE_STANDARD = "gnu++20";
				CLANG_ENABLE_MODULES = YES;
				CLANG_ENABLE_OBJC_ARC = YES;
				CLANG_ENABLE_OBJC_WEAK = YES;
				CLANG_WARN_BLOCK_CAPTURE_AUTORELEASING = YES;
				CLANG_WARN_BOOL_CONVERSION = YES;
				CLANG_WARN_COMMA = YES;
				CLANG_WARN_CONSTANT_CONVERSION = YES;
				CLANG_WARN_DEPRECATED_OBJC_IMPLEMENTATIONS = YES;
				CLANG_WARN_DIRECT_OBJC_ISA_USAGE = YES_ERROR;
				CLANG_WARN_DOCUMENTATION_COMMENTS = YES;
				CLANG_WARN_EMPTY_BODY = YES;
				CLANG_WARN_ENUM_CONVERSION = YES;
				CLANG_WARN_INFINITE_RECURSION = YES;
				CLANG_WARN_INT_CONVERSION = YES;
				CLANG_WARN_NON_LITERAL_NULL_CONVERSION = YES;
				CLANG_WARN_OBJC_IMPLICIT_RETAIN_SELF = YES;
				CLANG_WARN_OBJC_LITERAL_CONVERSION = YES;
				CLANG_WARN_OBJC_ROOT_CLASS = YES_ERROR;
				CLANG_WARN_QUOTED_INCLUDE_IN_FRAMEWORK_HEADER = YES;
				CLANG_WARN_RANGE_LOOP_ANALYSIS = YES;
				CLANG_WARN_STRICT_PROTOTYPES = YES;
				CLANG_WARN_SUSPICIOUS_MOVE = YES;
				CLANG_WARN_UNGUARDED_AVAILABILITY = YES_AGGRESSIVE;
				CLANG_WARN_UNREACHABLE_CODE = YES;
				CLANG_WARN__DUPLICATE_METHOD_MATCH = YES;
				COPY_PHASE_STRIP = NO;
				DEBUG_INFORMATION_FORMAT = "dwarf-with-dsym";
				ENABLE_NS_ASSERTIONS = NO;
				ENABLE_STRICT_OBJC_MSGSEND = YES;
				ENABLE_USER_SCRIPT_SANDBOXING = YES;
				GCC_C_LANGUAGE_STANDARD = gnu17;
				GCC_NO_COMMON_BLOCKS = YES;
				GCC_WARN_64_TO_32_BIT_CONVERSION = YES;
				GCC_WARN_ABOUT_RETURN_TYPE = YES_ERROR;
				GCC_WARN_UNDECLARED_SELECTOR = YES;
				GCC_WARN_UNINITIALIZED_AUTOS = YES_AGGRESSIVE;
				GCC_WARN_UNUSED_FUNCTION = YES;
				GCC_WARN_UNUSED_VARIABLE = YES;
				IPHONEOS_DEPLOYMENT_TARGET = 17.5;
				LOCALIZATION_PREFERS_STRING_CATALOGS = YES;
				MTL_ENABLE_DEBUG_INFO = NO;
				MTL_FAST_MATH = YES;
				SDKROOT = iphoneos;
				SWIFT_COMPILATION_MODE = wholemodule;
				VALIDATE_PRODUCT = YES;
			};
			name = Release;
		};
		4DBCA3772C68D6E400EA0026 /* Debug */ = {
			isa = XCBuildConfiguration;
			baseConfigurationReference = 4D5981742C7278D40012BDD1 /* Debug.xcconfig */;
			buildSettings = {
				ASSETCATALOG_COMPILER_APPICON_NAME = AppIcon;
				ASSETCATALOG_COMPILER_GLOBAL_ACCENT_COLOR_NAME = AccentColor;
				CODE_SIGN_STYLE = Automatic;
				CURRENT_PROJECT_VERSION = 1;
				DEVELOPMENT_ASSET_PATHS = "\"Example/Preview Content\"";
				DEVELOPMENT_TEAM = AXBRK75K78;
				ENABLE_PREVIEWS = YES;
				GENERATE_INFOPLIST_FILE = YES;
				INFOPLIST_FILE = Example/Info.plist;
				INFOPLIST_KEY_UIApplicationSceneManifest_Generation = YES;
				INFOPLIST_KEY_UIApplicationSupportsIndirectInputEvents = YES;
				INFOPLIST_KEY_UILaunchScreen_Generation = YES;
				INFOPLIST_KEY_UISupportedInterfaceOrientations_iPad = "UIInterfaceOrientationPortrait UIInterfaceOrientationPortraitUpsideDown UIInterfaceOrientationLandscapeLeft UIInterfaceOrientationLandscapeRight";
				INFOPLIST_KEY_UISupportedInterfaceOrientations_iPhone = "UIInterfaceOrientationPortrait UIInterfaceOrientationLandscapeLeft UIInterfaceOrientationLandscapeRight";
				LD_RUNPATH_SEARCH_PATHS = (
					"$(inherited)",
					"@executable_path/Frameworks",
				);
				MARKETING_VERSION = 1.0;
				PRODUCT_BUNDLE_IDENTIFIER = com.robusta.Example;
				PRODUCT_NAME = "$(TARGET_NAME)";
				SWIFT_EMIT_LOC_STRINGS = YES;
				SWIFT_VERSION = 5.0;
				TARGETED_DEVICE_FAMILY = "1,2";
			};
			name = Debug;
		};
		4DBCA3782C68D6E400EA0026 /* Release */ = {
			isa = XCBuildConfiguration;
			baseConfigurationReference = 4D5981762C7278D40012BDD1 /* Release.xcconfig */;
			buildSettings = {
				ASSETCATALOG_COMPILER_APPICON_NAME = AppIcon;
				ASSETCATALOG_COMPILER_GLOBAL_ACCENT_COLOR_NAME = AccentColor;
				CODE_SIGN_STYLE = Automatic;
				CURRENT_PROJECT_VERSION = 1;
				DEVELOPMENT_ASSET_PATHS = "\"Example/Preview Content\"";
				DEVELOPMENT_TEAM = AXBRK75K78;
				ENABLE_PREVIEWS = YES;
				GENERATE_INFOPLIST_FILE = YES;
				INFOPLIST_FILE = Example/Info.plist;
				INFOPLIST_KEY_UIApplicationSceneManifest_Generation = YES;
				INFOPLIST_KEY_UIApplicationSupportsIndirectInputEvents = YES;
				INFOPLIST_KEY_UILaunchScreen_Generation = YES;
				INFOPLIST_KEY_UISupportedInterfaceOrientations_iPad = "UIInterfaceOrientationPortrait UIInterfaceOrientationPortraitUpsideDown UIInterfaceOrientationLandscapeLeft UIInterfaceOrientationLandscapeRight";
				INFOPLIST_KEY_UISupportedInterfaceOrientations_iPhone = "UIInterfaceOrientationPortrait UIInterfaceOrientationLandscapeLeft UIInterfaceOrientationLandscapeRight";
				LD_RUNPATH_SEARCH_PATHS = (
					"$(inherited)",
					"@executable_path/Frameworks",
				);
				MARKETING_VERSION = 1.0;
				PRODUCT_BUNDLE_IDENTIFIER = com.robusta.Example;
				PRODUCT_NAME = "$(TARGET_NAME)";
				SWIFT_EMIT_LOC_STRINGS = YES;
				SWIFT_VERSION = 5.0;
				TARGETED_DEVICE_FAMILY = "1,2";
			};
			name = Release;
		};
/* End XCBuildConfiguration section */

/* Begin XCConfigurationList section */
		4DBCA3632C68D6E300EA0026 /* Build configuration list for PBXProject "Example" */ = {
			isa = XCConfigurationList;
			buildConfigurations = (
				4DBCA3742C68D6E400EA0026 /* Debug */,
				4DBCA3752C68D6E400EA0026 /* Release */,
			);
			defaultConfigurationIsVisible = 0;
			defaultConfigurationName = Release;
		};
		4DBCA3762C68D6E400EA0026 /* Build configuration list for PBXNativeTarget "Example" */ = {
			isa = XCConfigurationList;
			buildConfigurations = (
				4DBCA3772C68D6E400EA0026 /* Debug */,
				4DBCA3782C68D6E400EA0026 /* Release */,
			);
			defaultConfigurationIsVisible = 0;
			defaultConfigurationName = Release;
		};
/* End XCConfigurationList section */

/* Begin XCLocalSwiftPackageReference section */
		4D22BC732C89D1A600642451 /* XCLocalSwiftPackageReference ".." */ = {
			isa = XCLocalSwiftPackageReference;
			relativePath = ..;
		};
/* End XCLocalSwiftPackageReference section */

/* Begin XCSwiftPackageProductDependency section */
		4D22BC712C89D14500642451 /* NetKit */ = {
			isa = XCSwiftPackageProductDependency;
			productName = NetKit;
		};
		4D22BC742C89D1A600642451 /* NetKit */ = {
			isa = XCSwiftPackageProductDependency;
			productName = NetKit;
		};
		4D59816A2C72758A0012BDD1 /* NetKit */ = {
			isa = XCSwiftPackageProductDependency;
			productName = NetKit;
		};
		4D59816D2C7276F60012BDD1 /* NetKit */ = {
			isa = XCSwiftPackageProductDependency;
			productName = NetKit;
		};
		4D5981702C7278250012BDD1 /* NetKit */ = {
			isa = XCSwiftPackageProductDependency;
			productName = NetKit;
		};
		4DB2FF352C68DB7E00F3203C /* NetKit */ = {
			isa = XCSwiftPackageProductDependency;
			productName = NetKit;
		};
/* End XCSwiftPackageProductDependency section */
	};
	rootObject = 4DBCA3602C68D6E300EA0026 /* Project object */;
}
